{
  "dependencies": {
    "windmill-client": "latest"
  }
}
//bun.lock
{
  "lockfileVersion": 1,
  "configVersion": 1,
  "workspaces": {
    "": {
      "dependencies": {
        "windmill-client": "latest",
      },
    },
  },
  "packages": {
    "windmill-client": ["windmill-client@1.733.0", "", {}, "sha512-u+CNPP2KJaIXm5ECQIlVkhClLwkzHv/3YeGB2GcCJ/NQLmWkQ4esnXN5+7XWy+jznjIHdgRSQxbwfH3hrcrrYg=="],
  }
}
