version: v2
locks:
  f/clitools/company_goat_for_agent: 50a71f9046b80a636daae2ff2ab50a92277961441f1fe5af2670053dad34689f
  f/clitools/wikipedia_for_agent: 6bf49ffb8b9e976984ae024036ee73e7656d11880d975dbcdcc0938c959e0b2a
  f/docling/convert_document_to_markdown: b42ca8d1d9559596486f7809deed2405ce425d2d69d9997bf7f7851e61f1711d
  f/docling/convert_parsed_json_to_okf: b48ede02d5491c9516071bf0af92629e014a2cf866875bfec3d09566fe2b4b17
  f/docling/parse_document_to_okf__flow+__flow_hash: 44136fa355b3678a1146ad16f7e8649e94fb4fc21fe77e8310c060f61caaff8a
  f/docling/read_okf_bucket: 8a448af4f1cb262660e010bb83b754800d3802e8f89a09da82d51d1d31d2c660
  f/docling/scanner/detect_document_edges: 29adffd8ca684683184d390331e0fd02d33444d409adcd079a299d850ac076ee
  f/docling/scanner/generate_scanned_pdf: d66750cd75ec01f6dbe6be65a42ffd25c0e22f5723d8d634d7641e565f297523
  f/docling/scanner/save_scanned_document: 62aa3e6b5c360c9940c31b9628245e22e131c08822881564430e2ad39d42dab7
  f/docling/scanner/scan_document_image: 3fd91086f1cd4f2eda9e8911c059548b98c9b7b227b86248a631b9113f1d6abc
  f/firecrawl/firecrawl_scrape_for_agent: 8ca27df496f71c389b1d556d2de057171b5816b56064d58cfdb76bb83377a2e8
  f/firecrawl/firecrawl_search_for_agent: a5c38ab9510e1672a048bdaea9f31b0ae6ef24c8fc3a87c1d9fa2d506789db1c
  f/firecrawl/searxng_search_for_agent: ac0b01b05f0d7ac2c194f1a3f55a0fb69a872d0cbfb96f1455914f2d125bd299
