version: v2
locks:
  f/clitools/company_goat_for_agent: 50a71f9046b80a636daae2ff2ab50a92277961441f1fe5af2670053dad34689f
  f/clitools/wikipedia_for_agent: 6bf49ffb8b9e976984ae024036ee73e7656d11880d975dbcdcc0938c959e0b2a
  f/docling/convert_document_to_markdown: 7e1c38b5e99044a4c0275fb5607019fb7561e5116c96f0d01d6911c9c7b4802e
  f/docling/convert_parsed_json_to_okf: af7aa761278eb775d47365a5c2f08e2d7aa4fdeaf84276ab5e1ec16d198673b5
  f/docling/parse_document_to_okf__flow+__flow_hash: 44136fa355b3678a1146ad16f7e8649e94fb4fc21fe77e8310c060f61caaff8a
  f/docling/read_okf_bucket: 9af7e19b801db8d9b50fe864b92305f0958395cf7e7c3bcb5cd9a8964b43481e
  f/firecrawl/firecrawl_scrape_for_agent: 8ca27df496f71c389b1d556d2de057171b5816b56064d58cfdb76bb83377a2e8
  f/firecrawl/firecrawl_search_for_agent: a5c38ab9510e1672a048bdaea9f31b0ae6ef24c8fc3a87c1d9fa2d506789db1c
  f/firecrawl/searxng_search_for_agent: ac0b01b05f0d7ac2c194f1a3f55a0fb69a872d0cbfb96f1455914f2d125bd299
